
Microsoft Visual Studio Solution File, Format Version 12.00
# Visual Studio Version 17
VisualStudioVersion = 17.9.34622.214
MinimumVisualStudioVersion = 10.0.40219.1
Project("{FAE04EC0-301F-11D3-BF4B-00C04F79EFBC}") = "Behavioral_Patterns_2", "Behavioral_Patterns_2\Behavioral_Patterns_2.csproj", "{077C29EC-4988-4817-BD65-515680B6D9C7}"
EndProject
Global
	GlobalSection(SolutionConfigurationPlatforms) = preSolution
		Debug|Any CPU = Debug|Any CPU
		Release|Any CPU = Release|Any CPU
	EndGlobalSection
	GlobalSection(ProjectConfigurationPlatforms) = postSolution
		{077C29EC-4988-4817-BD65-515680B6D9C7}.Debug|Any CPU.ActiveCfg = Debug|Any CPU
		{077C29EC-4988-4817-BD65-515680B6D9C7}.Debug|Any CPU.Build.0 = Debug|Any CPU
		{077C29EC-4988-4817-BD65-515680B6D9C7}.Release|Any CPU.ActiveCfg = Release|Any CPU
		{077C29EC-4988-4817-BD65-515680B6D9C7}.Release|Any CPU.Build.0 = Release|Any CPU
	EndGlobalSection
	GlobalSection(SolutionProperties) = preSolution
		HideSolutionNode = FALSE
	EndGlobalSection
	GlobalSection(ExtensibilityGlobals) = postSolution
		SolutionGuid = {46127538-5C27-422F-8D6B-B1A75566FAF0}
	EndGlobalSection
EndGlobal
